
Microsoft Visual Studio Solution File, Format Version 12.00
# Visual Studio Version 17
VisualStudioVersion = 17.0.31903.59
MinimumVisualStudioVersion = 10.0.40219.1
Project("{FAE04EC0-301F-11D3-BF4B-00C04F79EFBC}") = "coffeeapi", "coffeeapi\coffeeapi.csproj", "{44E61F7C-93E5-4F64-9D5D-FBF617D565C7}"
EndProject
Project("{FAE04EC0-301F-11D3-BF4B-00C04F79EFBC}") = "teaapi", "teaapi\teaapi.csproj", "{D0FC862A-1FCB-4316-B47F-3076AC044337}"
EndProject
Global
	GlobalSection(SolutionConfigurationPlatforms) = preSolution
		Debug|Any CPU = Debug|Any CPU
		Release|Any CPU = Release|Any CPU
	EndGlobalSection
	GlobalSection(SolutionProperties) = preSolution
		HideSolutionNode = FALSE
	EndGlobalSection
	GlobalSection(ProjectConfigurationPlatforms) = postSolution
		{44E61F7C-93E5-4F64-9D5D-FBF617D565C7}.Debug|Any CPU.ActiveCfg = Debug|Any CPU
		{44E61F7C-93E5-4F64-9D5D-FBF617D565C7}.Debug|Any CPU.Build.0 = Debug|Any CPU
		{44E61F7C-93E5-4F64-9D5D-FBF617D565C7}.Release|Any CPU.ActiveCfg = Release|Any CPU
		{44E61F7C-93E5-4F64-9D5D-FBF617D565C7}.Release|Any CPU.Build.0 = Release|Any CPU
		{D0FC862A-1FCB-4316-B47F-3076AC044337}.Debug|Any CPU.ActiveCfg = Debug|Any CPU
		{D0FC862A-1FCB-4316-B47F-3076AC044337}.Debug|Any CPU.Build.0 = Debug|Any CPU
		{D0FC862A-1FCB-4316-B47F-3076AC044337}.Release|Any CPU.ActiveCfg = Release|Any CPU
		{D0FC862A-1FCB-4316-B47F-3076AC044337}.Release|Any CPU.Build.0 = Release|Any CPU
	EndGlobalSection
EndGlobal
